
Microsoft Visual Studio Solution File, Format Version 12.00
# Visual Studio 15
VisualStudioVersion = 15.0.28307.271
MinimumVisualStudioVersion = 10.0.40219.1
Project("{8BC9CEB8-8B4A-11D0-8D11-00A0C91BC942}") = "SoccerPlayers", "SoccerPlayers\SoccerPlayers.vcxproj", "{131BC184-6107-4279-965C-180499A39EF1}"
EndProject
Global
	GlobalSection(SolutionConfigurationPlatforms) = preSolution
		Debug|x64 = Debug|x64
		Debug|x86 = Debug|x86
		Release|x64 = Release|x64
		Release|x86 = Release|x86
	EndGlobalSection
	GlobalSection(ProjectConfigurationPlatforms) = postSolution
		{131BC184-6107-4279-965C-180499A39EF1}.Debug|x64.ActiveCfg = Debug|x64
		{131BC184-6107-4279-965C-180499A39EF1}.Debug|x64.Build.0 = Debug|x64
		{131BC184-6107-4279-965C-180499A39EF1}.Debug|x86.ActiveCfg = Debug|Win32
		{131BC184-6107-4279-965C-180499A39EF1}.Debug|x86.Build.0 = Debug|Win32
		{131BC184-6107-4279-965C-180499A39EF1}.Release|x64.ActiveCfg = Release|x64
		{131BC184-6107-4279-965C-180499A39EF1}.Release|x64.Build.0 = Release|x64
		{131BC184-6107-4279-965C-180499A39EF1}.Release|x86.ActiveCfg = Release|Win32
		{131BC184-6107-4279-965C-180499A39EF1}.Release|x86.Build.0 = Release|Win32
	EndGlobalSection
	GlobalSection(SolutionProperties) = preSolution
		HideSolutionNode = FALSE
	EndGlobalSection
	GlobalSection(ExtensibilityGlobals) = postSolution
		SolutionGuid = {5AACBE47-70FD-4537-A83B-8EDF0D3C227B}
	EndGlobalSection
EndGlobal
